
Microsoft Visual Studio Solution File, Format Version 12.00
# Visual Studio Version 17
VisualStudioVersion = 17.8.34601.278
MinimumVisualStudioVersion = 10.0.40219.1
Project("{FAE04EC0-301F-11D3-BF4B-00C04F79EFBC}") = "Ajuna.TestSuite", "Ajuna.TestSuite\Ajuna.TestSuite.csproj", "{E213DF55-D3B3-48A8-BE51-6A748B807BBE}"
EndProject
Project("{9A19103F-16F7-4668-BE54-9A1E7A4F7556}") = "Substrate.AjunaSolo.NET.NetApiExt", "Substrate.AjunaSolo.NET.NetApiExt\Substrate.AjunaSolo.NET.NetApiExt.csproj", "{E65FBCC6-2EB5-47EB-859D-ED2DAD1EF9CF}"
EndProject
Global
	GlobalSection(SolutionConfigurationPlatforms) = preSolution
		Debug|Any CPU = Debug|Any CPU
		Release|Any CPU = Release|Any CPU
	EndGlobalSection
	GlobalSection(ProjectConfigurationPlatforms) = postSolution
		{E213DF55-D3B3-48A8-BE51-6A748B807BBE}.Debug|Any CPU.ActiveCfg = Debug|Any CPU
		{E213DF55-D3B3-48A8-BE51-6A748B807BBE}.Debug|Any CPU.Build.0 = Debug|Any CPU
		{E213DF55-D3B3-48A8-BE51-6A748B807BBE}.Release|Any CPU.ActiveCfg = Release|Any CPU
		{E213DF55-D3B3-48A8-BE51-6A748B807BBE}.Release|Any CPU.Build.0 = Release|Any CPU
		{E65FBCC6-2EB5-47EB-859D-ED2DAD1EF9CF}.Debug|Any CPU.ActiveCfg = Debug|Any CPU
		{E65FBCC6-2EB5-47EB-859D-ED2DAD1EF9CF}.Debug|Any CPU.Build.0 = Debug|Any CPU
		{E65FBCC6-2EB5-47EB-859D-ED2DAD1EF9CF}.Release|Any CPU.ActiveCfg = Release|Any CPU
		{E65FBCC6-2EB5-47EB-859D-ED2DAD1EF9CF}.Release|Any CPU.Build.0 = Release|Any CPU
	EndGlobalSection
	GlobalSection(SolutionProperties) = preSolution
		HideSolutionNode = FALSE
	EndGlobalSection
	GlobalSection(ExtensibilityGlobals) = postSolution
		SolutionGuid = {37CC682E-8D69-456A-B6D9-1ED46808228D}
	EndGlobalSection
EndGlobal
